("quicklisp" .
 (:class qlot.source.ql:source-ql-all
  :initargs (:distribution "http://beta.quicklisp.org/dist/quicklisp.txt" :%version :latest)
  :version "2020-06-10"))
("ps-experiment" .
 (:class qlot.source.github:source-github
  :initargs (:project-name "ps-experiment" :repos "eshamster/ps-experiment" :ref nil :branch nil :tag nil)
  :version "github-4aeaf87d0f08a4fcac6f190c2c809d14b094a7e5"
  :repos "eshamster/ps-experiment"
  :url "https://github.com/eshamster/ps-experiment/archive/4aeaf87d0f08a4fcac6f190c2c809d14b094a7e5.tar.gz"
  :ref "4aeaf87d0f08a4fcac6f190c2c809d14b094a7e5"))
("cl-ps-ecs" .
 (:class qlot.source.github:source-github
  :initargs (:project-name "cl-ps-ecs" :repos "eshamster/cl-ps-ecs" :ref nil :branch nil :tag nil)
  :version "github-49a54b43d19cb1ef307dbe5ebe75f77e7e166f38"
  :repos "eshamster/cl-ps-ecs"
  :url "https://github.com/eshamster/cl-ps-ecs/archive/49a54b43d19cb1ef307dbe5ebe75f77e7e166f38.tar.gz"
  :ref "49a54b43d19cb1ef307dbe5ebe75f77e7e166f38"))
("cl-csr" .
 (:class qlot.source.github:source-github
  :initargs (:project-name "cl-csr" :repos "eshamster/cl-csr" :ref nil :branch nil :tag nil)
  :version "github-724165dc3f0088b67fc974d1d7bc4cce9fd049f1"
  :repos "eshamster/cl-csr"
  :url "https://github.com/eshamster/cl-csr/archive/724165dc3f0088b67fc974d1d7bc4cce9fd049f1.tar.gz"
  :ref "724165dc3f0088b67fc974d1d7bc4cce9fd049f1"))
